
Microsoft Visual Studio Solution File, Format Version 12.00
# Visual Studio 15
VisualStudioVersion = 15.0.27428.2027
MinimumVisualStudioVersion = 10.0.40219.1
Project("{FAE04EC0-301F-11D3-BF4B-00C04F79EFBC}") = "Garage", "Garage\Garage.csproj", "{8C7B3C10-B590-4C0C-BA1B-884432E506B2}"
EndProject
Global
	GlobalSection(SolutionConfigurationPlatforms) = preSolution
		Debug|Any CPU = Debug|Any CPU
		Release|Any CPU = Release|Any CPU
	EndGlobalSection
	GlobalSection(ProjectConfigurationPlatforms) = postSolution
		{8C7B3C10-B590-4C0C-BA1B-884432E506B2}.Debug|Any CPU.ActiveCfg = Debug|Any CPU
		{8C7B3C10-B590-4C0C-BA1B-884432E506B2}.Debug|Any CPU.Build.0 = Debug|Any CPU
		{8C7B3C10-B590-4C0C-BA1B-884432E506B2}.Release|Any CPU.ActiveCfg = Release|Any CPU
		{8C7B3C10-B590-4C0C-BA1B-884432E506B2}.Release|Any CPU.Build.0 = Release|Any CPU
	EndGlobalSection
	GlobalSection(SolutionProperties) = preSolution
		HideSolutionNode = FALSE
	EndGlobalSection
	GlobalSection(ExtensibilityGlobals) = postSolution
		SolutionGuid = {D7E0BA2D-7C52-42A2-BC97-E51A6DEA5A10}
	EndGlobalSection
EndGlobal
